
Microsoft Visual Studio Solution File, Format Version 12.00
# Visual Studio 14
VisualStudioVersion = 14.0.24720.0
MinimumVisualStudioVersion = 10.0.40219.1
Project("{FAE04EC0-301F-11D3-BF4B-00C04F79EFBC}") = "TunerDB", "TunerDB\TunerDB.csproj", "{2CB8C80E-98CB-4E11-B626-CF7015B528DD}"
EndProject
Project("{E24C65DC-7377-472B-9ABA-BC803B73C61A}") = "TunerDB.web", "TunerDB.web\", "{421D2C8A-732A-4399-8000-8BFD49B47C5A}"
	ProjectSection(WebsiteProperties) = preProject
		TargetFrameworkMoniker = ".NETFramework,Version%3Dv4.5.2"
		ProjectReferences = "{2cb8c80e-98cb-4e11-b626-cf7015b528dd}|TunerDB.dll;{b81850e0-e889-4fba-84c0-653e331a74c0}|TunerDB.RepositoryComponents.dll;"
		Debug.AspNetCompiler.VirtualPath = "/localhost_49767"
		Debug.AspNetCompiler.PhysicalPath = "TunerDB.web\"
		Debug.AspNetCompiler.TargetPath = "PrecompiledWeb\localhost_49767\"
		Debug.AspNetCompiler.Updateable = "true"
		Debug.AspNetCompiler.ForceOverwrite = "true"
		Debug.AspNetCompiler.FixedNames = "false"
		Debug.AspNetCompiler.Debug = "True"
		Release.AspNetCompiler.VirtualPath = "/localhost_49767"
		Release.AspNetCompiler.PhysicalPath = "TunerDB.web\"
		Release.AspNetCompiler.TargetPath = "PrecompiledWeb\localhost_49767\"
		Release.AspNetCompiler.Updateable = "true"
		Release.AspNetCompiler.ForceOverwrite = "true"
		Release.AspNetCompiler.FixedNames = "false"
		Release.AspNetCompiler.Debug = "False"
		VWDPort = "49767"
		SlnRelativePath = "TunerDB.web\"
		DefaultWebSiteLanguage = "Visual C#"
	EndProjectSection
EndProject
Project("{FAE04EC0-301F-11D3-BF4B-00C04F79EFBC}") = "TunerDB.RepositoryComponents", "TunerDB.RepositoryComponents\TunerDB.RepositoryComponents.csproj", "{B81850E0-E889-4FBA-84C0-653E331A74C0}"
EndProject
Project("{FAE04EC0-301F-11D3-BF4B-00C04F79EFBC}") = "TunerDB.App", "TunerDB.App\TunerDB.App.csproj", "{E223893F-ED6F-4FE1-A2FA-B874E0B89A0F}"
EndProject
Global
	GlobalSection(SolutionConfigurationPlatforms) = preSolution
		Debug|Any CPU = Debug|Any CPU
		Release|Any CPU = Release|Any CPU
	EndGlobalSection
	GlobalSection(ProjectConfigurationPlatforms) = postSolution
		{2CB8C80E-98CB-4E11-B626-CF7015B528DD}.Debug|Any CPU.ActiveCfg = Debug|Any CPU
		{2CB8C80E-98CB-4E11-B626-CF7015B528DD}.Debug|Any CPU.Build.0 = Debug|Any CPU
		{2CB8C80E-98CB-4E11-B626-CF7015B528DD}.Release|Any CPU.ActiveCfg = Release|Any CPU
		{2CB8C80E-98CB-4E11-B626-CF7015B528DD}.Release|Any CPU.Build.0 = Release|Any CPU
		{421D2C8A-732A-4399-8000-8BFD49B47C5A}.Debug|Any CPU.ActiveCfg = Debug|Any CPU
		{421D2C8A-732A-4399-8000-8BFD49B47C5A}.Debug|Any CPU.Build.0 = Debug|Any CPU
		{421D2C8A-732A-4399-8000-8BFD49B47C5A}.Release|Any CPU.ActiveCfg = Debug|Any CPU
		{421D2C8A-732A-4399-8000-8BFD49B47C5A}.Release|Any CPU.Build.0 = Debug|Any CPU
		{B81850E0-E889-4FBA-84C0-653E331A74C0}.Debug|Any CPU.ActiveCfg = Debug|Any CPU
		{B81850E0-E889-4FBA-84C0-653E331A74C0}.Debug|Any CPU.Build.0 = Debug|Any CPU
		{B81850E0-E889-4FBA-84C0-653E331A74C0}.Release|Any CPU.ActiveCfg = Release|Any CPU
		{B81850E0-E889-4FBA-84C0-653E331A74C0}.Release|Any CPU.Build.0 = Release|Any CPU
		{E223893F-ED6F-4FE1-A2FA-B874E0B89A0F}.Debug|Any CPU.ActiveCfg = Debug|Any CPU
		{E223893F-ED6F-4FE1-A2FA-B874E0B89A0F}.Debug|Any CPU.Build.0 = Debug|Any CPU
		{E223893F-ED6F-4FE1-A2FA-B874E0B89A0F}.Release|Any CPU.ActiveCfg = Release|Any CPU
		{E223893F-ED6F-4FE1-A2FA-B874E0B89A0F}.Release|Any CPU.Build.0 = Release|Any CPU
	EndGlobalSection
	GlobalSection(SolutionProperties) = preSolution
		HideSolutionNode = FALSE
	EndGlobalSection
EndGlobal
